
Microsoft Visual Studio Solution File, Format Version 12.00
# Visual Studio Version 17
VisualStudioVersion = 17.4.33213.308
MinimumVisualStudioVersion = 10.0.40219.1
Project("{9A19103F-16F7-4668-BE54-9A1E7A4F7556}") = "Library.Web", "Library.Web\Library.Web.csproj", "{D2386FC8-F73C-4C73-9354-690ACD41D6DF}"
EndProject
Project("{9A19103F-16F7-4668-BE54-9A1E7A4F7556}") = "Library.Domain", "Library.Domain\Library.Domain.csproj", "{0A4E997D-E801-49D3-84AE-3A4C4F35DF95}"
EndProject
Project("{9A19103F-16F7-4668-BE54-9A1E7A4F7556}") = "Library.Application", "Library.Application\Library.Application.csproj", "{EC2C6461-06CB-4DC3-A853-07EDE6A8F417}"
EndProject
Project("{9A19103F-16F7-4668-BE54-9A1E7A4F7556}") = "Library.Persistence", "Library.Persistence\Library.Persistence.csproj", "{D21DD010-FF36-4254-BF5C-B90DBBB3B297}"
EndProject
Project("{FAE04EC0-301F-11D3-BF4B-00C04F79EFBC}") = "Library.Infrastructure", "Library.Infrastructure\Library.Infrastructure.csproj", "{BB691ABE-C1D9-4FB8-ADF0-B2FB9570980A}"
EndProject
Global
	GlobalSection(SolutionConfigurationPlatforms) = preSolution
		Debug|Any CPU = Debug|Any CPU
		Release|Any CPU = Release|Any CPU
	EndGlobalSection
	GlobalSection(ProjectConfigurationPlatforms) = postSolution
		{D2386FC8-F73C-4C73-9354-690ACD41D6DF}.Debug|Any CPU.ActiveCfg = Debug|Any CPU
		{D2386FC8-F73C-4C73-9354-690ACD41D6DF}.Debug|Any CPU.Build.0 = Debug|Any CPU
		{D2386FC8-F73C-4C73-9354-690ACD41D6DF}.Release|Any CPU.ActiveCfg = Release|Any CPU
		{D2386FC8-F73C-4C73-9354-690ACD41D6DF}.Release|Any CPU.Build.0 = Release|Any CPU
		{0A4E997D-E801-49D3-84AE-3A4C4F35DF95}.Debug|Any CPU.ActiveCfg = Debug|Any CPU
		{0A4E997D-E801-49D3-84AE-3A4C4F35DF95}.Debug|Any CPU.Build.0 = Debug|Any CPU
		{0A4E997D-E801-49D3-84AE-3A4C4F35DF95}.Release|Any CPU.ActiveCfg = Release|Any CPU
		{0A4E997D-E801-49D3-84AE-3A4C4F35DF95}.Release|Any CPU.Build.0 = Release|Any CPU
		{EC2C6461-06CB-4DC3-A853-07EDE6A8F417}.Debug|Any CPU.ActiveCfg = Debug|Any CPU
		{EC2C6461-06CB-4DC3-A853-07EDE6A8F417}.Debug|Any CPU.Build.0 = Debug|Any CPU
		{EC2C6461-06CB-4DC3-A853-07EDE6A8F417}.Release|Any CPU.ActiveCfg = Release|Any CPU
		{EC2C6461-06CB-4DC3-A853-07EDE6A8F417}.Release|Any CPU.Build.0 = Release|Any CPU
		{D21DD010-FF36-4254-BF5C-B90DBBB3B297}.Debug|Any CPU.ActiveCfg = Debug|Any CPU
		{D21DD010-FF36-4254-BF5C-B90DBBB3B297}.Debug|Any CPU.Build.0 = Debug|Any CPU
		{D21DD010-FF36-4254-BF5C-B90DBBB3B297}.Release|Any CPU.ActiveCfg = Release|Any CPU
		{D21DD010-FF36-4254-BF5C-B90DBBB3B297}.Release|Any CPU.Build.0 = Release|Any CPU
		{BB691ABE-C1D9-4FB8-ADF0-B2FB9570980A}.Debug|Any CPU.ActiveCfg = Debug|Any CPU
		{BB691ABE-C1D9-4FB8-ADF0-B2FB9570980A}.Debug|Any CPU.Build.0 = Debug|Any CPU
		{BB691ABE-C1D9-4FB8-ADF0-B2FB9570980A}.Release|Any CPU.ActiveCfg = Release|Any CPU
		{BB691ABE-C1D9-4FB8-ADF0-B2FB9570980A}.Release|Any CPU.Build.0 = Release|Any CPU
	EndGlobalSection
	GlobalSection(SolutionProperties) = preSolution
		HideSolutionNode = FALSE
	EndGlobalSection
	GlobalSection(ExtensibilityGlobals) = postSolution
		SolutionGuid = {90DFF46D-86B6-4DCA-B6AD-16F3B2FEACC5}
	EndGlobalSection
EndGlobal
